{
  "version": 4,
  "terraform_version": "1.12.2",
  "serial": 3,
  "lineage": "f8a382f2-b4a1-85ba-6270-5b772f00b4bb",
  "outputs": {},
  "resources": [
    {
      "mode": "managed",
      "type": "local_file",
      "name": "abc",
      "provider": "provider[\"registry.terraform.io/hashicorp/local\"]",
      "instances": [
        {
          "schema_version": 0,
          "attributes": {
            "content": "abc!",
            "content_base64": null,
            "content_base64sha256": "U+Dv8yBGJvPiVspjZXLXzN+OtaGQyd76P6VnvGOGa3Y=",
            "content_base64sha512": "J873Ugx5HyDEnYsjdX8iMBjn4I3gft82udsl3lNeWEoqwmNE3mvUZNNz4QRqQ3iaT5SW1y9p3e1Xn2txEBapKg==",
            "content_md5": "4edb03f55c86d5e0a76f5627fa506bbf",
            "content_sha1": "5678fb68a642f3c6c8004c1bdc21e7142087287b",
            "content_sha256": "53e0eff3204626f3e256ca636572d7ccdf8eb5a190c9defa3fa567bc63866b76",
            "content_sha512": "27cef7520c791f20c49d8b23757f223018e7e08de07edf36b9db25de535e584a2ac26344de6bd464d373e1046a43789a4f9496d72f69dded579f6b711016a92a",
            "directory_permission": "0777",
            "file_permission": "0777",
            "filename": "./abc.txt",
            "id": "5678fb68a642f3c6c8004c1bdc21e7142087287b",
            "sensitive_content": null,
            "source": null
          },
          "sensitive_attributes": [
            [
              {
                "type": "get_attr",
                "value": "sensitive_content"
              }
            ]
          ],
          "identity_schema_version": 0
        }
      ]
    },
    {
      "mode": "managed",
      "type": "local_file",
      "name": "def",
      "provider": "provider[\"registry.terraform.io/hashicorp/local\"]",
      "instances": [
        {
          "schema_version": 0,
          "attributes": {
            "content": "def!",
            "content_base64": null,
            "content_base64sha256": "Rm4skjSqJGFRkUFCflW7rNUZ4sAS3vzjWfrOjTwlDBU=",
            "content_base64sha512": "JwN8zsR7XvAQZ9KkxokoJPkPZt5LElyjPuH0Pmhd82GIL/Zu3rZOHRacv8myxhbbZzpUahtQ6HDB0OMSiXedyA==",
            "content_md5": "3f6d9022e2f7b9cf3995155f239cba7c",
            "content_sha1": "15f946cb27f0730866cefea4f0923248d9366cb0",
            "content_sha256": "466e2c9234aa2461519141427e55bbacd519e2c012defce359face8d3c250c15",
            "content_sha512": "27037ccec47b5ef01067d2a4c6892824f90f66de4b125ca33ee1f43e685df361882ff66edeb64e1d169cbfc9b2c616db673a546a1b50e870c1d0e31289779dc8",
            "directory_permission": "0777",
            "file_permission": "0777",
            "filename": "./def.txt",
            "id": "15f946cb27f0730866cefea4f0923248d9366cb0",
            "sensitive_content": null,
            "source": null
          },
          "sensitive_attributes": [
            [
              {
                "type": "get_attr",
                "value": "sensitive_content"
              }
            ]
          ],
          "identity_schema_version": 0
        }
      ]
    }
  ],
  "check_results": null
}
